Microsoft Visual Studio Solution File, Format Version 12.00
# Visual Studio 2012
Project("{2150E333-8FDC-42A3-9474-1A3956D46DE8}") = "1.- Conversion Layer", "1.- Conversion Layer", "{8D1D380C-6CAC-49DB-9160-AA877AFAB75E}"
EndProject
Project("{2150E333-8FDC-42A3-9474-1A3956D46DE8}") = "2.- CS2", "2.- CS2", "{3EC089F8-C80D-405E-8A4E-8612133343E6}"
EndProject
Project("{2150E333-8FDC-42A3-9474-1A3956D46DE8}") = "3.- SLO", "3.- SLO", "{F3DA31CA-7282-4AA7-9BE3-548B353D56E4}"
EndProject
Project("{2150E333-8FDC-42A3-9474-1A3956D46DE8}") = "4.- GUI", "4.- GUI", "{9705055E-AB47-499D-8392-A83654DBECB7}"
EndProject
Project("{2150E333-8FDC-42A3-9474-1A3956D46DE8}") = "8.- Testing", "8.- Testing", "{82BBBBE4-F565-4756-BA6D-DBB2CE3E1696}"
EndProject
Project("{2150E333-8FDC-42A3-9474-1A3956D46DE8}") = "0.- Common", "0.- Common", "{FF9461E1-A81A-46FB-A0A5-A7E895C64548}"
EndProject
Project("{2150E333-8FDC-42A3-9474-1A3956D46DE8}") = "7.- Modelling", "7.- Modelling", "{FBB0BE69-5B45-45B6-89F3-A674AA8AFA92}"
EndProject
Project("{2150E333-8FDC-42A3-9474-1A3956D46DE8}") = "5.- Services", "5.- Services", "{5C8E8999-E3DD-4374-89B8-35486BCEEACB}"
EndProject
Project("{2150E333-8FDC-42A3-9474-1A3956D46DE8}") = "Solution Items", "Solution Items", "{AA55643A-B4D3-403C-AF4F-13E23DFB0D2A}"
	ProjectSection(SolutionItems) = preProject
		Local.testsettings = Local.testsettings
		TraceAndTestImpact.testsettings = TraceAndTestImpact.testsettings
		VCS.vsmdi = VCS.vsmdi
	EndProjectSection
EndProject
Project("{2150E333-8FDC-42A3-9474-1A3956D46DE8}") = "Other", "Other", "{2FC49716-4C9E-44A2-976E-31E2DBE11AF6}"
EndProject
Project("{FAE04EC0-301F-11D3-BF4B-00C04F79EFBC}") = "VCS.Testing", "VCS.Testing\VCS.Testing.csproj", "{9A30E043-EA1E-4EE2-91BF-437597EBCE9D}"
EndProject
Project("{FAE04EC0-301F-11D3-BF4B-00C04F79EFBC}") = "VCS.SLOToolsLib", "VCS.SLOToolsLib\VCS.SLOToolsLib.csproj", "{874FAB67-1176-467A-AF47-5447966F9DDC}"
EndProject
Project("{FAE04EC0-301F-11D3-BF4B-00C04F79EFBC}") = "VCS.Common", "VCS.Common\VCS.Common.csproj", "{BCEABFA8-AE43-4AE3-9DD2-068B5EA5157E}"
EndProject
Project("{FAE04EC0-301F-11D3-BF4B-00C04F79EFBC}") = "VCS.CS2Model", "VCS.CS2Model\VCS.CS2Model.csproj", "{5DCA0BE3-4BDF-4B6D-9982-8C55C1CA5A3D}"
EndProject
Project("{F088123C-0E9E-452A-89E6-6BA2F21D5CAC}") = "VCS.Modelling", "VCS.Modelling\VCS.Modelling.modelproj", "{06F23221-19DC-4F7A-93F4-11BC0102F810}"
EndProject
Project("{FAE04EC0-301F-11D3-BF4B-00C04F79EFBC}") = "VCS.CSMLIO", "VCS.CSMLIO\VCS.CSMLIO.csproj", "{69F34BC3-284B-4481-A559-825EA654CDFC}"
EndProject
Project("{FAE04EC0-301F-11D3-BF4B-00C04F79EFBC}") = "VCS.SLOModel", "VCS.SLOModel\VCS.SLOModel.csproj", "{08C38215-5A9C-4DB1-8BBA-1A22355E8101}"
EndProject
Project("{FAE04EC0-301F-11D3-BF4B-00C04F79EFBC}") = "VCS.CS2toSLO", "VCS.CS2toSLO\VCS.CS2toSLO.csproj", "{FAFC707D-8054-4E39-9DBB-30E4EFFBD550}"
EndProject
Project("{FAE04EC0-301F-11D3-BF4B-00C04F79EFBC}") = "VCS.SLOPlayer", "VCS.SLOPlayer\VCS.SLOPlayer.csproj", "{D09FBE44-5C8D-4CF4-85BB-E1E2D90A8B92}"
	ProjectSection(ProjectDependencies) = postProject
		{B33F915C-CFA9-4274-A86D-1A61ADFB446F} = {B33F915C-CFA9-4274-A86D-1A61ADFB446F}
	EndProjectSection
EndProject
Project("{FAE04EC0-301F-11D3-BF4B-00C04F79EFBC}") = "VCS.VCSCreator", "VCS.VCSCreator\VCS.VCSCreator.csproj", "{32C9310D-95B7-4572-8859-A823E1C667C1}"
EndProject
Project("{FAE04EC0-301F-11D3-BF4B-00C04F79EFBC}") = "VCS.SLOTools", "VCS.SLOTools\VCS.SLOTools.csproj", "{B33F915C-CFA9-4274-A86D-1A61ADFB446F}"
EndProject
Project("{FAE04EC0-301F-11D3-BF4B-00C04F79EFBC}") = "VCS.ConversionLayer", "VCS.ConversionLayer\VCS.ConversionLayer.csproj", "{9A5E613A-BB19-4B74-8113-C1FFED54A7D4}"
EndProject
Project("{FAE04EC0-301F-11D3-BF4B-00C04F79EFBC}") = "VCS.TestConverter", "VCS.TestConverter\VCS.TestConverter.csproj", "{E5C34DFD-ACEA-4B4A-8BC3-15F4CAF64F85}"
EndProject
Project("{FAE04EC0-301F-11D3-BF4B-00C04F79EFBC}") = "Moma.IwtForumConverter", "IwtForumConverter\Moma.IwtForumConverter.csproj", "{033A7B2C-A57C-4096-ACEB-0E235BD97ADD}"
EndProject
Project("{FAE04EC0-301F-11D3-BF4B-00C04F79EFBC}") = "VCS.Services", "VCS.Services\VCS.Services.csproj", "{6652F94D-F1F9-4F55-B909-21865BE9C056}"
EndProject
Project("{FAE04EC0-301F-11D3-BF4B-00C04F79EFBC}") = "SpeechTest", "SpeechTest\SpeechTest.csproj", "{9CC7A337-42C5-49BB-B568-1B9D5B1D363B}"
EndProject
Project("{FAE04EC0-301F-11D3-BF4B-00C04F79EFBC}") = "VCS.SLOEditor", "VCS.SLOEditor\VCS.SLOEditor.csproj", "{3C8643B5-DDDA-44D8-BF21-D7ADF9745BFB}"
EndProject
Project("{FAE04EC0-301F-11D3-BF4B-00C04F79EFBC}") = "VoicesVideo", "VoicesVideo\VoicesVideo.csproj", "{B5488DBE-6DBC-4DA5-AEF9-E0C7FD152D7E}"
EndProject
Project("{FAE04EC0-301F-11D3-BF4B-00C04F79EFBC}") = "AvatarCreator", "AvatarCreator\AvatarCreator.csproj", "{CF8D6835-D926-45F4-BA38-F04EE946D52B}"
EndProject
Project("{FAE04EC0-301F-11D3-BF4B-00C04F79EFBC}") = "SpeechActClassification", "SpeechActClassification\SpeechActClassification.csproj", "{80CE083F-7B83-4459-A552-A0988649E884}"
EndProject
Project("{FAE04EC0-301F-11D3-BF4B-00C04F79EFBC}") = "SpeechActClassification.Tests", "SpeechActClassification.Tests\SpeechActClassification.Tests.csproj", "{F23C8C17-2339-44D9-840D-9B4336FBA658}"
EndProject
Project("{FAE04EC0-301F-11D3-BF4B-00C04F79EFBC}") = "GOPISLOsBeautifier", "GOPISLOsBeautifier\GOPISLOsBeautifier.csproj", "{3635D763-BF2D-4B1F-A669-D94F538CF997}"
EndProject
Project("{FAE04EC0-301F-11D3-BF4B-00C04F79EFBC}") = "GOPISLOsRescue", "GOPISLOsRescue\GOPISLOsRescue.csproj", "{E9E433A9-2563-4185-A089-79F26EA1C109}"
EndProject
Project("{FAE04EC0-301F-11D3-BF4B-00C04F79EFBC}") = "VCS.SLOModel_OLD", "VCS.SLOModel_OLD\VCS.SLOModel_OLD.csproj", "{545BCDD0-2E77-4814-8C40-380DD1CACCE4}"
EndProject
Project("{FAE04EC0-301F-11D3-BF4B-00C04F79EFBC}") = "OldSLOToNewModelConverter", "OldSLOToNewModelConverter\OldSLOToNewModelConverter.csproj", "{2405B3F1-C52F-4184-8800-05E5D58C5FC4}"
EndProject
Project("{FAE04EC0-301F-11D3-BF4B-00C04F79EFBC}") = "CatalanEmotionalAudios", "CatalanEmotionalAudios\CatalanEmotionalAudios.csproj", "{77C284CF-2968-4564-B69D-3ABB8612BC11}"
EndProject
Project("{FAE04EC0-301F-11D3-BF4B-00C04F79EFBC}") = "CategorizationTests", "CategorizationTests\CategorizationTests.csproj", "{5B94CD87-5003-468C-B7BE-ECA1BFA20A90}"
EndProject
Project("{FAE04EC0-301F-11D3-BF4B-00C04F79EFBC}") = "VCS.PhpBBForumsDirectDBConverter", "VCS.PhpBBForumsDirectDBConverter\VCS.PhpBBForumsDirectDBConverter.csproj", "{7C829AC0-8642-4C26-9A9A-33DFCC4D1D00}"
EndProject
Project("{FAE04EC0-301F-11D3-BF4B-00C04F79EFBC}") = "VCS.PhpBBForumsUOCConverter", "VCS.PhpBBForumsUOCConverter\VCS.PhpBBForumsUOCConverter.csproj", "{05C59EF9-357D-4305-9EEB-2BEFFD90B559}"
EndProject
Project("{FAE04EC0-301F-11D3-BF4B-00C04F79EFBC}") = "SitePalTest", "SitePalTest\SitePalTest.csproj", "{10683498-373F-49A6-8B0E-4C28F74BCF9E}"
EndProject
Project("{FAE04EC0-301F-11D3-BF4B-00C04F79EFBC}") = "VCS.SLOPlayerSitePal", "VCS.SLOPlayerSitePal\VCS.SLOPlayerSitePal.csproj", "{18D18CFD-CAD5-491B-822C-B8BC2369C3D6}"
EndProject
Global
	GlobalSection(TestCaseManagementSettings) = postSolution
		CategoryFile = VCS.vsmdi
	EndGlobalSection
	GlobalSection(SolutionConfigurationPlatforms) = preSolution
		Debug|Any CPU = Debug|Any CPU
		Debug|Mixed Platforms = Debug|Mixed Platforms
		Debug|x86 = Debug|x86
		Release|Any CPU = Release|Any CPU
		Release|Mixed Platforms = Release|Mixed Platforms
		Release|x86 = Release|x86
	EndGlobalSection
	GlobalSection(ProjectConfigurationPlatforms) = postSolution
		{9A30E043-EA1E-4EE2-91BF-437597EBCE9D}.Debug|Any CPU.ActiveCfg = Debug|x86
		{9A30E043-EA1E-4EE2-91BF-437597EBCE9D}.Debug|Mixed Platforms.ActiveCfg = Debug|x86
		{9A30E043-EA1E-4EE2-91BF-437597EBCE9D}.Debug|Mixed Platforms.Build.0 = Debug|x86
		{9A30E043-EA1E-4EE2-91BF-437597EBCE9D}.Debug|x86.ActiveCfg = Debug|x86
		{9A30E043-EA1E-4EE2-91BF-437597EBCE9D}.Debug|x86.Build.0 = Debug|x86
		{9A30E043-EA1E-4EE2-91BF-437597EBCE9D}.Release|Any CPU.ActiveCfg = Release|x86
		{9A30E043-EA1E-4EE2-91BF-437597EBCE9D}.Release|Mixed Platforms.ActiveCfg = Release|x86
		{9A30E043-EA1E-4EE2-91BF-437597EBCE9D}.Release|x86.ActiveCfg = Release|x86
		{9A30E043-EA1E-4EE2-91BF-437597EBCE9D}.Release|x86.Build.0 = Release|x86
		{874FAB67-1176-467A-AF47-5447966F9DDC}.Debug|Any CPU.ActiveCfg = Debug|Any CPU
		{874FAB67-1176-467A-AF47-5447966F9DDC}.Debug|Any CPU.Build.0 = Debug|Any CPU
		{874FAB67-1176-467A-AF47-5447966F9DDC}.Debug|Mixed Platforms.ActiveCfg = Debug|Any CPU
		{874FAB67-1176-467A-AF47-5447966F9DDC}.Debug|Mixed Platforms.Build.0 = Debug|Any CPU
		{874FAB67-1176-467A-AF47-5447966F9DDC}.Debug|x86.ActiveCfg = Debug|Any CPU
		{874FAB67-1176-467A-AF47-5447966F9DDC}.Release|Any CPU.ActiveCfg = Release|Any CPU
		{874FAB67-1176-467A-AF47-5447966F9DDC}.Release|Any CPU.Build.0 = Release|Any CPU
		{874FAB67-1176-467A-AF47-5447966F9DDC}.Release|Mixed Platforms.ActiveCfg = Release|Any CPU
		{874FAB67-1176-467A-AF47-5447966F9DDC}.Release|Mixed Platforms.Build.0 = Release|Any CPU
		{874FAB67-1176-467A-AF47-5447966F9DDC}.Release|x86.ActiveCfg = Release|Any CPU
		{BCEABFA8-AE43-4AE3-9DD2-068B5EA5157E}.Debug|Any CPU.ActiveCfg = Debug|Any CPU
		{BCEABFA8-AE43-4AE3-9DD2-068B5EA5157E}.Debug|Any CPU.Build.0 = Debug|Any CPU
		{BCEABFA8-AE43-4AE3-9DD2-068B5EA5157E}.Debug|Mixed Platforms.ActiveCfg = Debug|Any CPU
		{BCEABFA8-AE43-4AE3-9DD2-068B5EA5157E}.Debug|Mixed Platforms.Build.0 = Debug|Any CPU
		{BCEABFA8-AE43-4AE3-9DD2-068B5EA5157E}.Debug|x86.ActiveCfg = Debug|Any CPU
		{BCEABFA8-AE43-4AE3-9DD2-068B5EA5157E}.Release|Any CPU.ActiveCfg = Release|Any CPU
		{BCEABFA8-AE43-4AE3-9DD2-068B5EA5157E}.Release|Any CPU.Build.0 = Release|Any CPU
		{BCEABFA8-AE43-4AE3-9DD2-068B5EA5157E}.Release|Mixed Platforms.ActiveCfg = Release|Any CPU
		{BCEABFA8-AE43-4AE3-9DD2-068B5EA5157E}.Release|Mixed Platforms.Build.0 = Release|Any CPU
		{BCEABFA8-AE43-4AE3-9DD2-068B5EA5157E}.Release|x86.ActiveCfg = Release|Any CPU
		{5DCA0BE3-4BDF-4B6D-9982-8C55C1CA5A3D}.Debug|Any CPU.ActiveCfg = Debug|Any CPU
		{5DCA0BE3-4BDF-4B6D-9982-8C55C1CA5A3D}.Debug|Any CPU.Build.0 = Debug|Any CPU
		{5DCA0BE3-4BDF-4B6D-9982-8C55C1CA5A3D}.Debug|Mixed Platforms.ActiveCfg = Debug|Any CPU
		{5DCA0BE3-4BDF-4B6D-9982-8C55C1CA5A3D}.Debug|Mixed Platforms.Build.0 = Debug|Any CPU
		{5DCA0BE3-4BDF-4B6D-9982-8C55C1CA5A3D}.Debug|x86.ActiveCfg = Debug|Any CPU
		{5DCA0BE3-4BDF-4B6D-9982-8C55C1CA5A3D}.Release|Any CPU.ActiveCfg = Release|Any CPU
		{5DCA0BE3-4BDF-4B6D-9982-8C55C1CA5A3D}.Release|Any CPU.Build.0 = Release|Any CPU
		{5DCA0BE3-4BDF-4B6D-9982-8C55C1CA5A3D}.Release|Mixed Platforms.ActiveCfg = Release|Any CPU
		{5DCA0BE3-4BDF-4B6D-9982-8C55C1CA5A3D}.Release|Mixed Platforms.Build.0 = Release|Any CPU
		{5DCA0BE3-4BDF-4B6D-9982-8C55C1CA5A3D}.Release|x86.ActiveCfg = Release|Any CPU
		{06F23221-19DC-4F7A-93F4-11BC0102F810}.Debug|Any CPU.ActiveCfg = Debug|Any CPU
		{06F23221-19DC-4F7A-93F4-11BC0102F810}.Debug|Any CPU.Build.0 = Debug|Any CPU
		{06F23221-19DC-4F7A-93F4-11BC0102F810}.Debug|Mixed Platforms.ActiveCfg = Debug|Any CPU
		{06F23221-19DC-4F7A-93F4-11BC0102F810}.Debug|Mixed Platforms.Build.0 = Debug|Any CPU
		{06F23221-19DC-4F7A-93F4-11BC0102F810}.Debug|x86.ActiveCfg = Debug|Any CPU
		{06F23221-19DC-4F7A-93F4-11BC0102F810}.Release|Any CPU.ActiveCfg = Release|Any CPU
		{06F23221-19DC-4F7A-93F4-11BC0102F810}.Release|Any CPU.Build.0 = Release|Any CPU
		{06F23221-19DC-4F7A-93F4-11BC0102F810}.Release|Mixed Platforms.ActiveCfg = Release|Any CPU
		{06F23221-19DC-4F7A-93F4-11BC0102F810}.Release|Mixed Platforms.Build.0 = Release|Any CPU
		{06F23221-19DC-4F7A-93F4-11BC0102F810}.Release|x86.ActiveCfg = Release|Any CPU
		{69F34BC3-284B-4481-A559-825EA654CDFC}.Debug|Any CPU.ActiveCfg = Debug|Any CPU
		{69F34BC3-284B-4481-A559-825EA654CDFC}.Debug|Any CPU.Build.0 = Debug|Any CPU
		{69F34BC3-284B-4481-A559-825EA654CDFC}.Debug|Mixed Platforms.ActiveCfg = Debug|Any CPU
		{69F34BC3-284B-4481-A559-825EA654CDFC}.Debug|Mixed Platforms.Build.0 = Debug|Any CPU
		{69F34BC3-284B-4481-A559-825EA654CDFC}.Debug|x86.ActiveCfg = Debug|Any CPU
		{69F34BC3-284B-4481-A559-825EA654CDFC}.Release|Any CPU.ActiveCfg = Release|Any CPU
		{69F34BC3-284B-4481-A559-825EA654CDFC}.Release|Any CPU.Build.0 = Release|Any CPU
		{69F34BC3-284B-4481-A559-825EA654CDFC}.Release|Mixed Platforms.ActiveCfg = Release|Any CPU
		{69F34BC3-284B-4481-A559-825EA654CDFC}.Release|x86.ActiveCfg = Release|Any CPU
		{08C38215-5A9C-4DB1-8BBA-1A22355E8101}.Debug|Any CPU.ActiveCfg = Debug|Any CPU
		{08C38215-5A9C-4DB1-8BBA-1A22355E8101}.Debug|Any CPU.Build.0 = Debug|Any CPU
		{08C38215-5A9C-4DB1-8BBA-1A22355E8101}.Debug|Mixed Platforms.ActiveCfg = Debug|Any CPU
		{08C38215-5A9C-4DB1-8BBA-1A22355E8101}.Debug|Mixed Platforms.Build.0 = Debug|Any CPU
		{08C38215-5A9C-4DB1-8BBA-1A22355E8101}.Debug|x86.ActiveCfg = Debug|Any CPU
		{08C38215-5A9C-4DB1-8BBA-1A22355E8101}.Release|Any CPU.ActiveCfg = Release|Any CPU
		{08C38215-5A9C-4DB1-8BBA-1A22355E8101}.Release|Any CPU.Build.0 = Release|Any CPU
		{08C38215-5A9C-4DB1-8BBA-1A22355E8101}.Release|Mixed Platforms.ActiveCfg = Release|Any CPU
		{08C38215-5A9C-4DB1-8BBA-1A22355E8101}.Release|Mixed Platforms.Build.0 = Release|Any CPU
		{08C38215-5A9C-4DB1-8BBA-1A22355E8101}.Release|x86.ActiveCfg = Release|Any CPU
		{FAFC707D-8054-4E39-9DBB-30E4EFFBD550}.Debug|Any CPU.ActiveCfg = Debug|Any CPU
		{FAFC707D-8054-4E39-9DBB-30E4EFFBD550}.Debug|Any CPU.Build.0 = Debug|Any CPU
		{FAFC707D-8054-4E39-9DBB-30E4EFFBD550}.Debug|Mixed Platforms.ActiveCfg = Debug|Any CPU
		{FAFC707D-8054-4E39-9DBB-30E4EFFBD550}.Debug|Mixed Platforms.Build.0 = Debug|Any CPU
		{FAFC707D-8054-4E39-9DBB-30E4EFFBD550}.Debug|x86.ActiveCfg = Debug|Any CPU
		{FAFC707D-8054-4E39-9DBB-30E4EFFBD550}.Release|Any CPU.ActiveCfg = Release|Any CPU
		{FAFC707D-8054-4E39-9DBB-30E4EFFBD550}.Release|Any CPU.Build.0 = Release|Any CPU
		{FAFC707D-8054-4E39-9DBB-30E4EFFBD550}.Release|Mixed Platforms.ActiveCfg = Release|Any CPU
		{FAFC707D-8054-4E39-9DBB-30E4EFFBD550}.Release|Mixed Platforms.Build.0 = Release|Any CPU
		{FAFC707D-8054-4E39-9DBB-30E4EFFBD550}.Release|x86.ActiveCfg = Release|Any CPU
		{D09FBE44-5C8D-4CF4-85BB-E1E2D90A8B92}.Debug|Any CPU.ActiveCfg = Debug|Any CPU
		{D09FBE44-5C8D-4CF4-85BB-E1E2D90A8B92}.Debug|Any CPU.Build.0 = Debug|Any CPU
		{D09FBE44-5C8D-4CF4-85BB-E1E2D90A8B92}.Debug|Mixed Platforms.ActiveCfg = Debug|Any CPU
		{D09FBE44-5C8D-4CF4-85BB-E1E2D90A8B92}.Debug|Mixed Platforms.Build.0 = Debug|Any CPU
		{D09FBE44-5C8D-4CF4-85BB-E1E2D90A8B92}.Debug|x86.ActiveCfg = Debug|Any CPU
		{D09FBE44-5C8D-4CF4-85BB-E1E2D90A8B92}.Release|Any CPU.ActiveCfg = Release|Any CPU
		{D09FBE44-5C8D-4CF4-85BB-E1E2D90A8B92}.Release|Any CPU.Build.0 = Release|Any CPU
		{D09FBE44-5C8D-4CF4-85BB-E1E2D90A8B92}.Release|Mixed Platforms.ActiveCfg = Release|Any CPU
		{D09FBE44-5C8D-4CF4-85BB-E1E2D90A8B92}.Release|Mixed Platforms.Build.0 = Release|Any CPU
		{D09FBE44-5C8D-4CF4-85BB-E1E2D90A8B92}.Release|x86.ActiveCfg = Release|Any CPU
		{32C9310D-95B7-4572-8859-A823E1C667C1}.Debug|Any CPU.ActiveCfg = Debug|Any CPU
		{32C9310D-95B7-4572-8859-A823E1C667C1}.Debug|Any CPU.Build.0 = Debug|Any CPU
		{32C9310D-95B7-4572-8859-A823E1C667C1}.Debug|Mixed Platforms.ActiveCfg = Debug|Any CPU
		{32C9310D-95B7-4572-8859-A823E1C667C1}.Debug|Mixed Platforms.Build.0 = Debug|Any CPU
		{32C9310D-95B7-4572-8859-A823E1C667C1}.Debug|x86.ActiveCfg = Debug|Any CPU
		{32C9310D-95B7-4572-8859-A823E1C667C1}.Release|Any CPU.ActiveCfg = Release|Any CPU
		{32C9310D-95B7-4572-8859-A823E1C667C1}.Release|Any CPU.Build.0 = Release|Any CPU
		{32C9310D-95B7-4572-8859-A823E1C667C1}.Release|Mixed Platforms.ActiveCfg = Release|Any CPU
		{32C9310D-95B7-4572-8859-A823E1C667C1}.Release|Mixed Platforms.Build.0 = Release|Any CPU
		{32C9310D-95B7-4572-8859-A823E1C667C1}.Release|x86.ActiveCfg = Release|Any CPU
		{B33F915C-CFA9-4274-A86D-1A61ADFB446F}.Debug|Any CPU.ActiveCfg = Debug|Any CPU
		{B33F915C-CFA9-4274-A86D-1A61ADFB446F}.Debug|Any CPU.Build.0 = Debug|Any CPU
		{B33F915C-CFA9-4274-A86D-1A61ADFB446F}.Debug|Mixed Platforms.ActiveCfg = Debug|Any CPU
		{B33F915C-CFA9-4274-A86D-1A61ADFB446F}.Debug|Mixed Platforms.Build.0 = Debug|Any CPU
		{B33F915C-CFA9-4274-A86D-1A61ADFB446F}.Debug|x86.ActiveCfg = Debug|Any CPU
		{B33F915C-CFA9-4274-A86D-1A61ADFB446F}.Release|Any CPU.ActiveCfg = Release|Any CPU
		{B33F915C-CFA9-4274-A86D-1A61ADFB446F}.Release|Any CPU.Build.0 = Release|Any CPU
		{B33F915C-CFA9-4274-A86D-1A61ADFB446F}.Release|Mixed Platforms.ActiveCfg = Release|Any CPU
		{B33F915C-CFA9-4274-A86D-1A61ADFB446F}.Release|Mixed Platforms.Build.0 = Release|Any CPU
		{B33F915C-CFA9-4274-A86D-1A61ADFB446F}.Release|x86.ActiveCfg = Release|Any CPU
		{9A5E613A-BB19-4B74-8113-C1FFED54A7D4}.Debug|Any CPU.ActiveCfg = Debug|Any CPU
		{9A5E613A-BB19-4B74-8113-C1FFED54A7D4}.Debug|Any CPU.Build.0 = Debug|Any CPU
		{9A5E613A-BB19-4B74-8113-C1FFED54A7D4}.Debug|Mixed Platforms.ActiveCfg = Debug|Any CPU
		{9A5E613A-BB19-4B74-8113-C1FFED54A7D4}.Debug|Mixed Platforms.Build.0 = Debug|Any CPU
		{9A5E613A-BB19-4B74-8113-C1FFED54A7D4}.Debug|x86.ActiveCfg = Debug|Any CPU
		{9A5E613A-BB19-4B74-8113-C1FFED54A7D4}.Release|Any CPU.ActiveCfg = Release|Any CPU
		{9A5E613A-BB19-4B74-8113-C1FFED54A7D4}.Release|Any CPU.Build.0 = Release|Any CPU
		{9A5E613A-BB19-4B74-8113-C1FFED54A7D4}.Release|Mixed Platforms.ActiveCfg = Release|Any CPU
		{9A5E613A-BB19-4B74-8113-C1FFED54A7D4}.Release|Mixed Platforms.Build.0 = Release|Any CPU
		{9A5E613A-BB19-4B74-8113-C1FFED54A7D4}.Release|x86.ActiveCfg = Release|Any CPU
		{E5C34DFD-ACEA-4B4A-8BC3-15F4CAF64F85}.Debug|Any CPU.ActiveCfg = Debug|Any CPU
		{E5C34DFD-ACEA-4B4A-8BC3-15F4CAF64F85}.Debug|Any CPU.Build.0 = Debug|Any CPU
		{E5C34DFD-ACEA-4B4A-8BC3-15F4CAF64F85}.Debug|Mixed Platforms.ActiveCfg = Debug|Any CPU
		{E5C34DFD-ACEA-4B4A-8BC3-15F4CAF64F85}.Debug|Mixed Platforms.Build.0 = Debug|Any CPU
		{E5C34DFD-ACEA-4B4A-8BC3-15F4CAF64F85}.Debug|x86.ActiveCfg = Debug|Any CPU
		{E5C34DFD-ACEA-4B4A-8BC3-15F4CAF64F85}.Release|Any CPU.ActiveCfg = Release|Any CPU
		{E5C34DFD-ACEA-4B4A-8BC3-15F4CAF64F85}.Release|Any CPU.Build.0 = Release|Any CPU
		{E5C34DFD-ACEA-4B4A-8BC3-15F4CAF64F85}.Release|Mixed Platforms.ActiveCfg = Release|Any CPU
		{E5C34DFD-ACEA-4B4A-8BC3-15F4CAF64F85}.Release|Mixed Platforms.Build.0 = Release|Any CPU
		{E5C34DFD-ACEA-4B4A-8BC3-15F4CAF64F85}.Release|x86.ActiveCfg = Release|Any CPU
		{033A7B2C-A57C-4096-ACEB-0E235BD97ADD}.Debug|Any CPU.ActiveCfg = Debug|x86
		{033A7B2C-A57C-4096-ACEB-0E235BD97ADD}.Debug|Any CPU.Build.0 = Debug|x86
		{033A7B2C-A57C-4096-ACEB-0E235BD97ADD}.Debug|Mixed Platforms.ActiveCfg = Debug|x86
		{033A7B2C-A57C-4096-ACEB-0E235BD97ADD}.Debug|Mixed Platforms.Build.0 = Debug|x86
		{033A7B2C-A57C-4096-ACEB-0E235BD97ADD}.Debug|x86.ActiveCfg = Debug|x86
		{033A7B2C-A57C-4096-ACEB-0E235BD97ADD}.Debug|x86.Build.0 = Debug|x86
		{033A7B2C-A57C-4096-ACEB-0E235BD97ADD}.Release|Any CPU.ActiveCfg = Release|x86
		{033A7B2C-A57C-4096-ACEB-0E235BD97ADD}.Release|Any CPU.Build.0 = Release|x86
		{033A7B2C-A57C-4096-ACEB-0E235BD97ADD}.Release|Mixed Platforms.ActiveCfg = Release|x86
		{033A7B2C-A57C-4096-ACEB-0E235BD97ADD}.Release|Mixed Platforms.Build.0 = Release|x86
		{033A7B2C-A57C-4096-ACEB-0E235BD97ADD}.Release|x86.ActiveCfg = Release|x86
		{033A7B2C-A57C-4096-ACEB-0E235BD97ADD}.Release|x86.Build.0 = Release|x86
		{6652F94D-F1F9-4F55-B909-21865BE9C056}.Debug|Any CPU.ActiveCfg = Debug|Any CPU
		{6652F94D-F1F9-4F55-B909-21865BE9C056}.Debug|Any CPU.Build.0 = Debug|Any CPU
		{6652F94D-F1F9-4F55-B909-21865BE9C056}.Debug|Mixed Platforms.ActiveCfg = Debug|Any CPU
		{6652F94D-F1F9-4F55-B909-21865BE9C056}.Debug|Mixed Platforms.Build.0 = Debug|Any CPU
		{6652F94D-F1F9-4F55-B909-21865BE9C056}.Debug|x86.ActiveCfg = Debug|Any CPU
		{6652F94D-F1F9-4F55-B909-21865BE9C056}.Release|Any CPU.ActiveCfg = Release|Any CPU
		{6652F94D-F1F9-4F55-B909-21865BE9C056}.Release|Any CPU.Build.0 = Release|Any CPU
		{6652F94D-F1F9-4F55-B909-21865BE9C056}.Release|Mixed Platforms.ActiveCfg = Release|Any CPU
		{6652F94D-F1F9-4F55-B909-21865BE9C056}.Release|Mixed Platforms.Build.0 = Release|Any CPU
		{6652F94D-F1F9-4F55-B909-21865BE9C056}.Release|x86.ActiveCfg = Release|Any CPU
		{9CC7A337-42C5-49BB-B568-1B9D5B1D363B}.Debug|Any CPU.ActiveCfg = Debug|x86
		{9CC7A337-42C5-49BB-B568-1B9D5B1D363B}.Debug|Any CPU.Build.0 = Debug|x86
		{9CC7A337-42C5-49BB-B568-1B9D5B1D363B}.Debug|Mixed Platforms.ActiveCfg = Debug|x86
		{9CC7A337-42C5-49BB-B568-1B9D5B1D363B}.Debug|Mixed Platforms.Build.0 = Debug|x86
		{9CC7A337-42C5-49BB-B568-1B9D5B1D363B}.Debug|x86.ActiveCfg = Debug|x86
		{9CC7A337-42C5-49BB-B568-1B9D5B1D363B}.Debug|x86.Build.0 = Debug|x86
		{9CC7A337-42C5-49BB-B568-1B9D5B1D363B}.Release|Any CPU.ActiveCfg = Release|x86
		{9CC7A337-42C5-49BB-B568-1B9D5B1D363B}.Release|Mixed Platforms.ActiveCfg = Release|x86
		{9CC7A337-42C5-49BB-B568-1B9D5B1D363B}.Release|Mixed Platforms.Build.0 = Release|x86
		{9CC7A337-42C5-49BB-B568-1B9D5B1D363B}.Release|x86.ActiveCfg = Release|x86
		{9CC7A337-42C5-49BB-B568-1B9D5B1D363B}.Release|x86.Build.0 = Release|x86
		{3C8643B5-DDDA-44D8-BF21-D7ADF9745BFB}.Debug|Any CPU.ActiveCfg = Debug|Any CPU
		{3C8643B5-DDDA-44D8-BF21-D7ADF9745BFB}.Debug|Any CPU.Build.0 = Debug|Any CPU
		{3C8643B5-DDDA-44D8-BF21-D7ADF9745BFB}.Debug|Mixed Platforms.ActiveCfg = Debug|Any CPU
		{3C8643B5-DDDA-44D8-BF21-D7ADF9745BFB}.Debug|Mixed Platforms.Build.0 = Debug|Any CPU
		{3C8643B5-DDDA-44D8-BF21-D7ADF9745BFB}.Debug|x86.ActiveCfg = Debug|Any CPU
		{3C8643B5-DDDA-44D8-BF21-D7ADF9745BFB}.Release|Any CPU.ActiveCfg = Release|Any CPU
		{3C8643B5-DDDA-44D8-BF21-D7ADF9745BFB}.Release|Any CPU.Build.0 = Release|Any CPU
		{3C8643B5-DDDA-44D8-BF21-D7ADF9745BFB}.Release|Mixed Platforms.ActiveCfg = Release|Any CPU
		{3C8643B5-DDDA-44D8-BF21-D7ADF9745BFB}.Release|Mixed Platforms.Build.0 = Release|Any CPU
		{3C8643B5-DDDA-44D8-BF21-D7ADF9745BFB}.Release|x86.ActiveCfg = Release|Any CPU
		{B5488DBE-6DBC-4DA5-AEF9-E0C7FD152D7E}.Debug|Any CPU.ActiveCfg = Debug|x86
		{B5488DBE-6DBC-4DA5-AEF9-E0C7FD152D7E}.Debug|Mixed Platforms.ActiveCfg = Debug|x86
		{B5488DBE-6DBC-4DA5-AEF9-E0C7FD152D7E}.Debug|Mixed Platforms.Build.0 = Debug|x86
		{B5488DBE-6DBC-4DA5-AEF9-E0C7FD152D7E}.Debug|x86.ActiveCfg = Debug|x86
		{B5488DBE-6DBC-4DA5-AEF9-E0C7FD152D7E}.Debug|x86.Build.0 = Debug|x86
		{B5488DBE-6DBC-4DA5-AEF9-E0C7FD152D7E}.Release|Any CPU.ActiveCfg = Release|x86
		{B5488DBE-6DBC-4DA5-AEF9-E0C7FD152D7E}.Release|Mixed Platforms.ActiveCfg = Release|x86
		{B5488DBE-6DBC-4DA5-AEF9-E0C7FD152D7E}.Release|Mixed Platforms.Build.0 = Release|x86
		{B5488DBE-6DBC-4DA5-AEF9-E0C7FD152D7E}.Release|x86.ActiveCfg = Release|x86
		{B5488DBE-6DBC-4DA5-AEF9-E0C7FD152D7E}.Release|x86.Build.0 = Release|x86
		{CF8D6835-D926-45F4-BA38-F04EE946D52B}.Debug|Any CPU.ActiveCfg = Debug|x86
		{CF8D6835-D926-45F4-BA38-F04EE946D52B}.Debug|Mixed Platforms.ActiveCfg = Debug|x86
		{CF8D6835-D926-45F4-BA38-F04EE946D52B}.Debug|Mixed Platforms.Build.0 = Debug|x86
		{CF8D6835-D926-45F4-BA38-F04EE946D52B}.Debug|x86.ActiveCfg = Debug|x86
		{CF8D6835-D926-45F4-BA38-F04EE946D52B}.Debug|x86.Build.0 = Debug|x86
		{CF8D6835-D926-45F4-BA38-F04EE946D52B}.Release|Any CPU.ActiveCfg = Release|x86
		{CF8D6835-D926-45F4-BA38-F04EE946D52B}.Release|Mixed Platforms.ActiveCfg = Release|x86
		{CF8D6835-D926-45F4-BA38-F04EE946D52B}.Release|Mixed Platforms.Build.0 = Release|x86
		{CF8D6835-D926-45F4-BA38-F04EE946D52B}.Release|x86.ActiveCfg = Release|x86
		{CF8D6835-D926-45F4-BA38-F04EE946D52B}.Release|x86.Build.0 = Release|x86
		{80CE083F-7B83-4459-A552-A0988649E884}.Debug|Any CPU.ActiveCfg = Debug|Any CPU
		{80CE083F-7B83-4459-A552-A0988649E884}.Debug|Any CPU.Build.0 = Debug|Any CPU
		{80CE083F-7B83-4459-A552-A0988649E884}.Debug|Mixed Platforms.ActiveCfg = Debug|Any CPU
		{80CE083F-7B83-4459-A552-A0988649E884}.Debug|Mixed Platforms.Build.0 = Debug|Any CPU
		{80CE083F-7B83-4459-A552-A0988649E884}.Debug|x86.ActiveCfg = Debug|Any CPU
		{80CE083F-7B83-4459-A552-A0988649E884}.Release|Any CPU.ActiveCfg = Release|Any CPU
		{80CE083F-7B83-4459-A552-A0988649E884}.Release|Any CPU.Build.0 = Release|Any CPU
		{80CE083F-7B83-4459-A552-A0988649E884}.Release|Mixed Platforms.ActiveCfg = Release|Any CPU
		{80CE083F-7B83-4459-A552-A0988649E884}.Release|Mixed Platforms.Build.0 = Release|Any CPU
		{80CE083F-7B83-4459-A552-A0988649E884}.Release|x86.ActiveCfg = Release|Any CPU
		{F23C8C17-2339-44D9-840D-9B4336FBA658}.Debug|Any CPU.ActiveCfg = Debug|Any CPU
		{F23C8C17-2339-44D9-840D-9B4336FBA658}.Debug|Any CPU.Build.0 = Debug|Any CPU
		{F23C8C17-2339-44D9-840D-9B4336FBA658}.Debug|Mixed Platforms.ActiveCfg = Debug|Any CPU
		{F23C8C17-2339-44D9-840D-9B4336FBA658}.Debug|Mixed Platforms.Build.0 = Debug|Any CPU
		{F23C8C17-2339-44D9-840D-9B4336FBA658}.Debug|x86.ActiveCfg = Debug|Any CPU
		{F23C8C17-2339-44D9-840D-9B4336FBA658}.Release|Any CPU.ActiveCfg = Release|Any CPU
		{F23C8C17-2339-44D9-840D-9B4336FBA658}.Release|Any CPU.Build.0 = Release|Any CPU
		{F23C8C17-2339-44D9-840D-9B4336FBA658}.Release|Mixed Platforms.ActiveCfg = Release|Any CPU
		{F23C8C17-2339-44D9-840D-9B4336FBA658}.Release|Mixed Platforms.Build.0 = Release|Any CPU
		{F23C8C17-2339-44D9-840D-9B4336FBA658}.Release|x86.ActiveCfg = Release|Any CPU
		{3635D763-BF2D-4B1F-A669-D94F538CF997}.Debug|Any CPU.ActiveCfg = Debug|x86
		{3635D763-BF2D-4B1F-A669-D94F538CF997}.Debug|Mixed Platforms.ActiveCfg = Debug|x86
		{3635D763-BF2D-4B1F-A669-D94F538CF997}.Debug|x86.ActiveCfg = Debug|x86
		{3635D763-BF2D-4B1F-A669-D94F538CF997}.Debug|x86.Build.0 = Debug|x86
		{3635D763-BF2D-4B1F-A669-D94F538CF997}.Release|Any CPU.ActiveCfg = Release|x86
		{3635D763-BF2D-4B1F-A669-D94F538CF997}.Release|Mixed Platforms.ActiveCfg = Release|x86
		{3635D763-BF2D-4B1F-A669-D94F538CF997}.Release|x86.ActiveCfg = Release|x86
		{3635D763-BF2D-4B1F-A669-D94F538CF997}.Release|x86.Build.0 = Release|x86
		{E9E433A9-2563-4185-A089-79F26EA1C109}.Debug|Any CPU.ActiveCfg = Debug|x86
		{E9E433A9-2563-4185-A089-79F26EA1C109}.Debug|Mixed Platforms.ActiveCfg = Debug|x86
		{E9E433A9-2563-4185-A089-79F26EA1C109}.Debug|x86.ActiveCfg = Debug|x86
		{E9E433A9-2563-4185-A089-79F26EA1C109}.Debug|x86.Build.0 = Debug|x86
		{E9E433A9-2563-4185-A089-79F26EA1C109}.Release|Any CPU.ActiveCfg = Release|x86
		{E9E433A9-2563-4185-A089-79F26EA1C109}.Release|Mixed Platforms.ActiveCfg = Release|x86
		{E9E433A9-2563-4185-A089-79F26EA1C109}.Release|x86.ActiveCfg = Release|x86
		{E9E433A9-2563-4185-A089-79F26EA1C109}.Release|x86.Build.0 = Release|x86
		{545BCDD0-2E77-4814-8C40-380DD1CACCE4}.Debug|Any CPU.ActiveCfg = Debug|Any CPU
		{545BCDD0-2E77-4814-8C40-380DD1CACCE4}.Debug|Any CPU.Build.0 = Debug|Any CPU
		{545BCDD0-2E77-4814-8C40-380DD1CACCE4}.Debug|Mixed Platforms.ActiveCfg = Debug|Any CPU
		{545BCDD0-2E77-4814-8C40-380DD1CACCE4}.Debug|Mixed Platforms.Build.0 = Debug|Any CPU
		{545BCDD0-2E77-4814-8C40-380DD1CACCE4}.Debug|x86.ActiveCfg = Debug|Any CPU
		{545BCDD0-2E77-4814-8C40-380DD1CACCE4}.Release|Any CPU.ActiveCfg = Release|Any CPU
		{545BCDD0-2E77-4814-8C40-380DD1CACCE4}.Release|Any CPU.Build.0 = Release|Any CPU
		{545BCDD0-2E77-4814-8C40-380DD1CACCE4}.Release|Mixed Platforms.ActiveCfg = Release|Any CPU
		{545BCDD0-2E77-4814-8C40-380DD1CACCE4}.Release|Mixed Platforms.Build.0 = Release|Any CPU
		{545BCDD0-2E77-4814-8C40-380DD1CACCE4}.Release|x86.ActiveCfg = Release|Any CPU
		{2405B3F1-C52F-4184-8800-05E5D58C5FC4}.Debug|Any CPU.ActiveCfg = Debug|x86
		{2405B3F1-C52F-4184-8800-05E5D58C5FC4}.Debug|Mixed Platforms.ActiveCfg = Debug|x86
		{2405B3F1-C52F-4184-8800-05E5D58C5FC4}.Debug|Mixed Platforms.Build.0 = Debug|x86
		{2405B3F1-C52F-4184-8800-05E5D58C5FC4}.Debug|x86.ActiveCfg = Debug|x86
		{2405B3F1-C52F-4184-8800-05E5D58C5FC4}.Debug|x86.Build.0 = Debug|x86
		{2405B3F1-C52F-4184-8800-05E5D58C5FC4}.Release|Any CPU.ActiveCfg = Release|x86
		{2405B3F1-C52F-4184-8800-05E5D58C5FC4}.Release|Mixed Platforms.ActiveCfg = Release|x86
		{2405B3F1-C52F-4184-8800-05E5D58C5FC4}.Release|Mixed Platforms.Build.0 = Release|x86
		{2405B3F1-C52F-4184-8800-05E5D58C5FC4}.Release|x86.ActiveCfg = Release|x86
		{2405B3F1-C52F-4184-8800-05E5D58C5FC4}.Release|x86.Build.0 = Release|x86
		{77C284CF-2968-4564-B69D-3ABB8612BC11}.Debug|Any CPU.ActiveCfg = Debug|x86
		{77C284CF-2968-4564-B69D-3ABB8612BC11}.Debug|Mixed Platforms.ActiveCfg = Debug|x86
		{77C284CF-2968-4564-B69D-3ABB8612BC11}.Debug|Mixed Platforms.Build.0 = Debug|x86
		{77C284CF-2968-4564-B69D-3ABB8612BC11}.Debug|x86.ActiveCfg = Debug|x86
		{77C284CF-2968-4564-B69D-3ABB8612BC11}.Debug|x86.Build.0 = Debug|x86
		{77C284CF-2968-4564-B69D-3ABB8612BC11}.Release|Any CPU.ActiveCfg = Release|x86
		{77C284CF-2968-4564-B69D-3ABB8612BC11}.Release|Mixed Platforms.ActiveCfg = Release|x86
		{77C284CF-2968-4564-B69D-3ABB8612BC11}.Release|Mixed Platforms.Build.0 = Release|x86
		{77C284CF-2968-4564-B69D-3ABB8612BC11}.Release|x86.ActiveCfg = Release|x86
		{77C284CF-2968-4564-B69D-3ABB8612BC11}.Release|x86.Build.0 = Release|x86
		{5B94CD87-5003-468C-B7BE-ECA1BFA20A90}.Debug|Any CPU.ActiveCfg = Debug|x86
		{5B94CD87-5003-468C-B7BE-ECA1BFA20A90}.Debug|Mixed Platforms.ActiveCfg = Debug|x86
		{5B94CD87-5003-468C-B7BE-ECA1BFA20A90}.Debug|Mixed Platforms.Build.0 = Debug|x86
		{5B94CD87-5003-468C-B7BE-ECA1BFA20A90}.Debug|x86.ActiveCfg = Debug|x86
		{5B94CD87-5003-468C-B7BE-ECA1BFA20A90}.Debug|x86.Build.0 = Debug|x86
		{5B94CD87-5003-468C-B7BE-ECA1BFA20A90}.Release|Any CPU.ActiveCfg = Release|x86
		{5B94CD87-5003-468C-B7BE-ECA1BFA20A90}.Release|Mixed Platforms.ActiveCfg = Release|x86
		{5B94CD87-5003-468C-B7BE-ECA1BFA20A90}.Release|Mixed Platforms.Build.0 = Release|x86
		{5B94CD87-5003-468C-B7BE-ECA1BFA20A90}.Release|x86.ActiveCfg = Release|x86
		{5B94CD87-5003-468C-B7BE-ECA1BFA20A90}.Release|x86.Build.0 = Release|x86
		{7C829AC0-8642-4C26-9A9A-33DFCC4D1D00}.Debug|Any CPU.ActiveCfg = Debug|Any CPU
		{7C829AC0-8642-4C26-9A9A-33DFCC4D1D00}.Debug|Any CPU.Build.0 = Debug|Any CPU
		{7C829AC0-8642-4C26-9A9A-33DFCC4D1D00}.Debug|Mixed Platforms.ActiveCfg = Debug|Any CPU
		{7C829AC0-8642-4C26-9A9A-33DFCC4D1D00}.Debug|Mixed Platforms.Build.0 = Debug|Any CPU
		{7C829AC0-8642-4C26-9A9A-33DFCC4D1D00}.Debug|x86.ActiveCfg = Debug|Any CPU
		{7C829AC0-8642-4C26-9A9A-33DFCC4D1D00}.Release|Any CPU.ActiveCfg = Release|Any CPU
		{7C829AC0-8642-4C26-9A9A-33DFCC4D1D00}.Release|Any CPU.Build.0 = Release|Any CPU
		{7C829AC0-8642-4C26-9A9A-33DFCC4D1D00}.Release|Mixed Platforms.ActiveCfg = Release|Any CPU
		{7C829AC0-8642-4C26-9A9A-33DFCC4D1D00}.Release|Mixed Platforms.Build.0 = Release|Any CPU
		{7C829AC0-8642-4C26-9A9A-33DFCC4D1D00}.Release|x86.ActiveCfg = Release|Any CPU
		{05C59EF9-357D-4305-9EEB-2BEFFD90B559}.Debug|Any CPU.ActiveCfg = Debug|Any CPU
		{05C59EF9-357D-4305-9EEB-2BEFFD90B559}.Debug|Any CPU.Build.0 = Debug|Any CPU
		{05C59EF9-357D-4305-9EEB-2BEFFD90B559}.Debug|Mixed Platforms.ActiveCfg = Debug|Any CPU
		{05C59EF9-357D-4305-9EEB-2BEFFD90B559}.Debug|Mixed Platforms.Build.0 = Debug|Any CPU
		{05C59EF9-357D-4305-9EEB-2BEFFD90B559}.Debug|x86.ActiveCfg = Debug|Any CPU
		{05C59EF9-357D-4305-9EEB-2BEFFD90B559}.Release|Any CPU.ActiveCfg = Release|Any CPU
		{05C59EF9-357D-4305-9EEB-2BEFFD90B559}.Release|Any CPU.Build.0 = Release|Any CPU
		{05C59EF9-357D-4305-9EEB-2BEFFD90B559}.Release|Mixed Platforms.ActiveCfg = Release|Any CPU
		{05C59EF9-357D-4305-9EEB-2BEFFD90B559}.Release|Mixed Platforms.Build.0 = Release|Any CPU
		{05C59EF9-357D-4305-9EEB-2BEFFD90B559}.Release|x86.ActiveCfg = Release|Any CPU
		{10683498-373F-49A6-8B0E-4C28F74BCF9E}.Debug|Any CPU.ActiveCfg = Debug|x86
		{10683498-373F-49A6-8B0E-4C28F74BCF9E}.Debug|Mixed Platforms.ActiveCfg = Debug|x86
		{10683498-373F-49A6-8B0E-4C28F74BCF9E}.Debug|Mixed Platforms.Build.0 = Debug|x86
		{10683498-373F-49A6-8B0E-4C28F74BCF9E}.Debug|x86.ActiveCfg = Debug|x86
		{10683498-373F-49A6-8B0E-4C28F74BCF9E}.Debug|x86.Build.0 = Debug|x86
		{10683498-373F-49A6-8B0E-4C28F74BCF9E}.Release|Any CPU.ActiveCfg = Release|x86
		{10683498-373F-49A6-8B0E-4C28F74BCF9E}.Release|Mixed Platforms.ActiveCfg = Release|x86
		{10683498-373F-49A6-8B0E-4C28F74BCF9E}.Release|Mixed Platforms.Build.0 = Release|x86
		{10683498-373F-49A6-8B0E-4C28F74BCF9E}.Release|x86.ActiveCfg = Release|x86
		{10683498-373F-49A6-8B0E-4C28F74BCF9E}.Release|x86.Build.0 = Release|x86
		{18D18CFD-CAD5-491B-822C-B8BC2369C3D6}.Debug|Any CPU.ActiveCfg = Debug|Any CPU
		{18D18CFD-CAD5-491B-822C-B8BC2369C3D6}.Debug|Any CPU.Build.0 = Debug|Any CPU
		{18D18CFD-CAD5-491B-822C-B8BC2369C3D6}.Debug|Mixed Platforms.ActiveCfg = Debug|Any CPU
		{18D18CFD-CAD5-491B-822C-B8BC2369C3D6}.Debug|Mixed Platforms.Build.0 = Debug|Any CPU
		{18D18CFD-CAD5-491B-822C-B8BC2369C3D6}.Debug|x86.ActiveCfg = Debug|Any CPU
		{18D18CFD-CAD5-491B-822C-B8BC2369C3D6}.Release|Any CPU.ActiveCfg = Release|Any CPU
		{18D18CFD-CAD5-491B-822C-B8BC2369C3D6}.Release|Any CPU.Build.0 = Release|Any CPU
		{18D18CFD-CAD5-491B-822C-B8BC2369C3D6}.Release|Mixed Platforms.ActiveCfg = Release|Any CPU
		{18D18CFD-CAD5-491B-822C-B8BC2369C3D6}.Release|Mixed Platforms.Build.0 = Release|Any CPU
		{18D18CFD-CAD5-491B-822C-B8BC2369C3D6}.Release|x86.ActiveCfg = Release|Any CPU
	EndGlobalSection
	GlobalSection(SolutionProperties) = preSolution
		HideSolutionNode = FALSE
	EndGlobalSection
	GlobalSection(NestedProjects) = preSolution
		{9A5E613A-BB19-4B74-8113-C1FFED54A7D4} = {8D1D380C-6CAC-49DB-9160-AA877AFAB75E}
		{E5C34DFD-ACEA-4B4A-8BC3-15F4CAF64F85} = {8D1D380C-6CAC-49DB-9160-AA877AFAB75E}
		{033A7B2C-A57C-4096-ACEB-0E235BD97ADD} = {8D1D380C-6CAC-49DB-9160-AA877AFAB75E}
		{7C829AC0-8642-4C26-9A9A-33DFCC4D1D00} = {8D1D380C-6CAC-49DB-9160-AA877AFAB75E}
		{05C59EF9-357D-4305-9EEB-2BEFFD90B559} = {8D1D380C-6CAC-49DB-9160-AA877AFAB75E}
		{5DCA0BE3-4BDF-4B6D-9982-8C55C1CA5A3D} = {3EC089F8-C80D-405E-8A4E-8612133343E6}
		{69F34BC3-284B-4481-A559-825EA654CDFC} = {3EC089F8-C80D-405E-8A4E-8612133343E6}
		{08C38215-5A9C-4DB1-8BBA-1A22355E8101} = {F3DA31CA-7282-4AA7-9BE3-548B353D56E4}
		{FAFC707D-8054-4E39-9DBB-30E4EFFBD550} = {F3DA31CA-7282-4AA7-9BE3-548B353D56E4}
		{545BCDD0-2E77-4814-8C40-380DD1CACCE4} = {F3DA31CA-7282-4AA7-9BE3-548B353D56E4}
		{874FAB67-1176-467A-AF47-5447966F9DDC} = {9705055E-AB47-499D-8392-A83654DBECB7}
		{D09FBE44-5C8D-4CF4-85BB-E1E2D90A8B92} = {9705055E-AB47-499D-8392-A83654DBECB7}
		{32C9310D-95B7-4572-8859-A823E1C667C1} = {9705055E-AB47-499D-8392-A83654DBECB7}
		{B33F915C-CFA9-4274-A86D-1A61ADFB446F} = {9705055E-AB47-499D-8392-A83654DBECB7}
		{3C8643B5-DDDA-44D8-BF21-D7ADF9745BFB} = {9705055E-AB47-499D-8392-A83654DBECB7}
		{CF8D6835-D926-45F4-BA38-F04EE946D52B} = {9705055E-AB47-499D-8392-A83654DBECB7}
		{18D18CFD-CAD5-491B-822C-B8BC2369C3D6} = {9705055E-AB47-499D-8392-A83654DBECB7}
		{AA55643A-B4D3-403C-AF4F-13E23DFB0D2A} = {82BBBBE4-F565-4756-BA6D-DBB2CE3E1696}
		{9A30E043-EA1E-4EE2-91BF-437597EBCE9D} = {82BBBBE4-F565-4756-BA6D-DBB2CE3E1696}
		{9CC7A337-42C5-49BB-B568-1B9D5B1D363B} = {82BBBBE4-F565-4756-BA6D-DBB2CE3E1696}
		{B5488DBE-6DBC-4DA5-AEF9-E0C7FD152D7E} = {82BBBBE4-F565-4756-BA6D-DBB2CE3E1696}
		{F23C8C17-2339-44D9-840D-9B4336FBA658} = {82BBBBE4-F565-4756-BA6D-DBB2CE3E1696}
		{5B94CD87-5003-468C-B7BE-ECA1BFA20A90} = {82BBBBE4-F565-4756-BA6D-DBB2CE3E1696}
		{10683498-373F-49A6-8B0E-4C28F74BCF9E} = {82BBBBE4-F565-4756-BA6D-DBB2CE3E1696}
		{BCEABFA8-AE43-4AE3-9DD2-068B5EA5157E} = {FF9461E1-A81A-46FB-A0A5-A7E895C64548}
		{06F23221-19DC-4F7A-93F4-11BC0102F810} = {FBB0BE69-5B45-45B6-89F3-A674AA8AFA92}
		{6652F94D-F1F9-4F55-B909-21865BE9C056} = {5C8E8999-E3DD-4374-89B8-35486BCEEACB}
		{80CE083F-7B83-4459-A552-A0988649E884} = {5C8E8999-E3DD-4374-89B8-35486BCEEACB}
		{3635D763-BF2D-4B1F-A669-D94F538CF997} = {2FC49716-4C9E-44A2-976E-31E2DBE11AF6}
		{E9E433A9-2563-4185-A089-79F26EA1C109} = {2FC49716-4C9E-44A2-976E-31E2DBE11AF6}
		{2405B3F1-C52F-4184-8800-05E5D58C5FC4} = {2FC49716-4C9E-44A2-976E-31E2DBE11AF6}
		{77C284CF-2968-4564-B69D-3ABB8612BC11} = {2FC49716-4C9E-44A2-976E-31E2DBE11AF6}
	EndGlobalSection
EndGlobal
